
Microsoft Visual Studio Solution File, Format Version 12.00
# Visual Studio Version 16
VisualStudioVersion = 16.0.30621.155
MinimumVisualStudioVersion = 10.0.40219.1
Project("{9A19103F-16F7-4668-BE54-9A1E7A4F7556}") = "Lepton.Data", "Lepton.Data\Lepton.Data.csproj", "{4EE50489-3D24-415E-BCFF-5BDEDB4702B5}"
EndProject
Project("{9A19103F-16F7-4668-BE54-9A1E7A4F7556}") = "Lepton.Extensions", "Lepton.Extensions\Lepton.Extensions.csproj", "{133E8D13-E625-4D6D-B0E1-C18A16BB3360}"
EndProject
Project("{2150E333-8FDC-42A3-9474-1A3956D46DE8}") = "Repository Files", "Repository Files", "{13477377-4255-4528-A15A-6FF64794737B}"
	ProjectSection(SolutionItems) = preProject
		..\.gitignore = ..\.gitignore
		..\appveyor.yml = ..\appveyor.yml
		..\LICENSE = ..\LICENSE
	EndProjectSection
EndProject
Project("{9A19103F-16F7-4668-BE54-9A1E7A4F7556}") = "Lepton.Web.Server", "Lepton.Web\Server\Lepton.Web.Server.csproj", "{17346392-2AF2-44A0-9E0C-3E89F6DEA9F7}"
EndProject
Project("{9A19103F-16F7-4668-BE54-9A1E7A4F7556}") = "Lepton.Web.Client", "Lepton.Web\Client\Lepton.Web.Client.csproj", "{BF37B2D5-0C5A-4D23-B406-7404FA67B501}"
EndProject
Project("{9A19103F-16F7-4668-BE54-9A1E7A4F7556}") = "Lepton.Web.Shared", "Lepton.Web\Shared\Lepton.Web.Shared.csproj", "{7AB51ADB-8E27-4462-A42A-DAD9C034310C}"
EndProject
Project("{FAE04EC0-301F-11D3-BF4B-00C04F79EFBC}") = "Lepton.Components", "Lepton.Components\Lepton.Components.csproj", "{ED8515B5-B3A7-4F11-97BC-1E762B1DCDE8}"
EndProject
Global
	GlobalSection(SolutionConfigurationPlatforms) = preSolution
		Debug|Any CPU = Debug|Any CPU
		Release|Any CPU = Release|Any CPU
	EndGlobalSection
	GlobalSection(ProjectConfigurationPlatforms) = postSolution
		{4EE50489-3D24-415E-BCFF-5BDEDB4702B5}.Debug|Any CPU.ActiveCfg = Debug|Any CPU
		{4EE50489-3D24-415E-BCFF-5BDEDB4702B5}.Debug|Any CPU.Build.0 = Debug|Any CPU
		{4EE50489-3D24-415E-BCFF-5BDEDB4702B5}.Release|Any CPU.ActiveCfg = Release|Any CPU
		{4EE50489-3D24-415E-BCFF-5BDEDB4702B5}.Release|Any CPU.Build.0 = Release|Any CPU
		{133E8D13-E625-4D6D-B0E1-C18A16BB3360}.Debug|Any CPU.ActiveCfg = Debug|Any CPU
		{133E8D13-E625-4D6D-B0E1-C18A16BB3360}.Debug|Any CPU.Build.0 = Debug|Any CPU
		{133E8D13-E625-4D6D-B0E1-C18A16BB3360}.Release|Any CPU.ActiveCfg = Release|Any CPU
		{133E8D13-E625-4D6D-B0E1-C18A16BB3360}.Release|Any CPU.Build.0 = Release|Any CPU
		{17346392-2AF2-44A0-9E0C-3E89F6DEA9F7}.Debug|Any CPU.ActiveCfg = Debug|Any CPU
		{17346392-2AF2-44A0-9E0C-3E89F6DEA9F7}.Debug|Any CPU.Build.0 = Debug|Any CPU
		{17346392-2AF2-44A0-9E0C-3E89F6DEA9F7}.Release|Any CPU.ActiveCfg = Release|Any CPU
		{17346392-2AF2-44A0-9E0C-3E89F6DEA9F7}.Release|Any CPU.Build.0 = Release|Any CPU
		{BF37B2D5-0C5A-4D23-B406-7404FA67B501}.Debug|Any CPU.ActiveCfg = Debug|Any CPU
		{BF37B2D5-0C5A-4D23-B406-7404FA67B501}.Debug|Any CPU.Build.0 = Debug|Any CPU
		{BF37B2D5-0C5A-4D23-B406-7404FA67B501}.Release|Any CPU.ActiveCfg = Release|Any CPU
		{BF37B2D5-0C5A-4D23-B406-7404FA67B501}.Release|Any CPU.Build.0 = Release|Any CPU
		{7AB51ADB-8E27-4462-A42A-DAD9C034310C}.Debug|Any CPU.ActiveCfg = Debug|Any CPU
		{7AB51ADB-8E27-4462-A42A-DAD9C034310C}.Debug|Any CPU.Build.0 = Debug|Any CPU
		{7AB51ADB-8E27-4462-A42A-DAD9C034310C}.Release|Any CPU.ActiveCfg = Release|Any CPU
		{7AB51ADB-8E27-4462-A42A-DAD9C034310C}.Release|Any CPU.Build.0 = Release|Any CPU
		{ED8515B5-B3A7-4F11-97BC-1E762B1DCDE8}.Debug|Any CPU.ActiveCfg = Debug|Any CPU
		{ED8515B5-B3A7-4F11-97BC-1E762B1DCDE8}.Debug|Any CPU.Build.0 = Debug|Any CPU
		{ED8515B5-B3A7-4F11-97BC-1E762B1DCDE8}.Release|Any CPU.ActiveCfg = Release|Any CPU
		{ED8515B5-B3A7-4F11-97BC-1E762B1DCDE8}.Release|Any CPU.Build.0 = Release|Any CPU
	EndGlobalSection
	GlobalSection(SolutionProperties) = preSolution
		HideSolutionNode = FALSE
	EndGlobalSection
	GlobalSection(ExtensibilityGlobals) = postSolution
		SolutionGuid = {E7287F61-0A45-4043-A61F-D241B7309CF3}
	EndGlobalSection
EndGlobal
